// !$*UTF8*$!
{
	archiveVersion = 1;
	classes = {
	};
	objectVersion = 46;
	objects = {

/* Begin PBXBuildFile section */
		95D9CF1E1D1F291E004A0D70 /* main.m in Sources */ = {isa = PBXBuildFile; fileRef = 95D9CF1D1D1F291E004A0D70 /* main.m */; };
		95D9CF271D1F291E004A0D70 /* Main.storyboard in Resources */ = {isa = PBXBuildFile; fileRef = 95D9CF251D1F291E004A0D70 /* Main.storyboard */; };
		95D9CF291D1F291E004A0D70 /* Images.xcassets in Resources */ = {isa = PBXBuildFile; fileRef = 95D9CF281D1F291E004A0D70 /* Images.xcassets */; };
		95D9CF2C1D1F291E004A0D70 /* LaunchScreen.storyboard in Resources */ = {isa = PBXBuildFile; fileRef = 95D9CF2A1D1F291E004A0D70 /* LaunchScreen.storyboard */; };
		95D9CF371D1F291F004A0D70 /* MomentmapTests.m in Sources */ = {isa = PBXBuildFile; fileRef = 95D9CF361D1F291F004A0D70 /* MomentmapTests.m */; };
		95D9CF421D1F291F004A0D70 /* MomentmapUITests.m in Sources */ = {isa = PBXBuildFile; fileRef = 95D9CF411D1F291F004A0D70 /* MomentmapUITests.m */; };
		95D9CF521D1F2D39004A0D70 /* PAWAppDelegate.m in Sources */ = {isa = PBXBuildFile; fileRef = 95D9CF511D1F2D39004A0D70 /* PAWAppDelegate.m */; };
		95D9CF551D1F2DA4004A0D70 /* PAWConfigManager.m in Sources */ = {isa = PBXBuildFile; fileRef = 95D9CF541D1F2DA4004A0D70 /* PAWConfigManager.m */; };
		95D9CF5A1D1F2E83004A0D70 /* PAWPost.m in Sources */ = {isa = PBXBuildFile; fileRef = 95D9CF591D1F2E83004A0D70 /* PAWPost.m */; };
		95D9CF5E1D1F2F10004A0D70 /* PAWActivityView.m in Sources */ = {isa = PBXBuildFile; fileRef = 95D9CF5D1D1F2F10004A0D70 /* PAWActivityView.m */; };
		95D9CF621D1F2F89004A0D70 /* PAWPostTableViewCell.m in Sources */ = {isa = PBXBuildFile; fileRef = 95D9CF611D1F2F89004A0D70 /* PAWPostTableViewCell.m */; };
		95D9CF691D1F3050004A0D70 /* PAWLoginViewController.m in Sources */ = {isa = PBXBuildFile; fileRef = 95D9CF681D1F3050004A0D70 /* PAWLoginViewController.m */; };
		95D9CF6C1D1F30AC004A0D70 /* PAWNewUserViewController.m in Sources */ = {isa = PBXBuildFile; fileRef = 95D9CF6B1D1F30AC004A0D70 /* PAWNewUserViewController.m */; };
		95D9CF711D1F3123004A0D70 /* PAWWallViewController.m in Sources */ = {isa = PBXBuildFile; fileRef = 95D9CF701D1F3123004A0D70 /* PAWWallViewController.m */; };
		95D9CF751D1F319E004A0D70 /* PAWWallPostsTableViewController.m in Sources */ = {isa = PBXBuildFile; fileRef = 95D9CF741D1F319E004A0D70 /* PAWWallPostsTableViewController.m */; };
		95D9CF781D1F31EF004A0D70 /* PAWSettingsViewController.m in Sources */ = {isa = PBXBuildFile; fileRef = 95D9CF771D1F31EF004A0D70 /* PAWSettingsViewController.m */; };
		95D9CF7F1D1F338B004A0D70 /* PAWLoginViewController.xib in Resources */ = {isa = PBXBuildFile; fileRef = 95D9CF7A1D1F338B004A0D70 /* PAWLoginViewController.xib */; };
		95D9CF801D1F338B004A0D70 /* PAWNewUserViewController.xib in Resources */ = {isa = PBXBuildFile; fileRef = 95D9CF7B1D1F338B004A0D70 /* PAWNewUserViewController.xib */; };
		95D9CF811D1F338B004A0D70 /* PAWSettingsViewController.xib in Resources */ = {isa = PBXBuildFile; fileRef = 95D9CF7C1D1F338B004A0D70 /* PAWSettingsViewController.xib */; };
		95D9CF831D1F338B004A0D70 /* PAWWallViewController.xib in Resources */ = {isa = PBXBuildFile; fileRef = 95D9CF7E1D1F338B004A0D70 /* PAWWallViewController.xib */; };
		95D9CF851D1F33BB004A0D70 /* InfoPlist.strings in Resources */ = {isa = PBXBuildFile; fileRef = 95D9CF841D1F33BB004A0D70 /* InfoPlist.strings */; };
		95D9CF871D1F35A4004A0D70 /* info.plist in Resources */ = {isa = PBXBuildFile; fileRef = 95D9CF861D1F35A4004A0D70 /* info.plist */; };
		95D9CFA31D1F3764004A0D70 /* libz.1.1.3.tbd in Frameworks */ = {isa = PBXBuildFile; fileRef = 95D9CFA21D1F3764004A0D70 /* libz.1.1.3.tbd */; };
		95D9CFAB1D1F3879004A0D70 /* FBSDKCoreKit.framework in Frameworks */ = {isa = PBXBuildFile; fileRef = 95D9CFAA1D1F3879004A0D70 /* FBSDKCoreKit.framework */; };
		95D9CFB91D1F3AB7004A0D70 /* PAWWallPostCreateViewController.m in Sources */ = {isa = PBXBuildFile; fileRef = 95D9CFB81D1F3AB7004A0D70 /* PAWWallPostCreateViewController.m */; };
		95D9CFBB1D1F3BC8004A0D70 /* ParseUI.framework in Frameworks */ = {isa = PBXBuildFile; fileRef = 95D9CFBA1D1F3BC8004A0D70 /* ParseUI.framework */; };
		95D9CFBD1D1F3FAA004A0D70 /* QuartzCore.framework in Frameworks */ = {isa = PBXBuildFile; fileRef = 95D9CFBC1D1F3FAA004A0D70 /* QuartzCore.framework */; };
		95D9CFBF1D1F3FB2004A0D70 /* Security.framework in Frameworks */ = {isa = PBXBuildFile; fileRef = 95D9CFBE1D1F3FB2004A0D70 /* Security.framework */; };
		95D9CFC11D1F4002004A0D70 /* MobileCoreServices.framework in Frameworks */ = {isa = PBXBuildFile; fileRef = 95D9CFC01D1F4002004A0D70 /* MobileCoreServices.framework */; };
		95D9CFC31D1F400F004A0D70 /* SystemConfiguration.framework in Frameworks */ = {isa = PBXBuildFile; fileRef = 95D9CFC21D1F400E004A0D70 /* SystemConfiguration.framework */; };
		95D9CFC51D1F4018004A0D70 /* CFNetwork.framework in Frameworks */ = {isa = PBXBuildFile; fileRef = 95D9CFC41D1F4018004A0D70 /* CFNetwork.framework */; };
		95D9CFC71D1F4020004A0D70 /* AudioToolbox.framework in Frameworks */ = {isa = PBXBuildFile; fileRef = 95D9CFC61D1F4020004A0D70 /* AudioToolbox.framework */; };
		95D9CFC91D1F4028004A0D70 /* CoreLocation.framework in Frameworks */ = {isa = PBXBuildFile; fileRef = 95D9CFC81D1F4028004A0D70 /* CoreLocation.framework */; };
		95D9CFCB1D1F402F004A0D70 /* MapKit.framework in Frameworks */ = {isa = PBXBuildFile; fileRef = 95D9CFCA1D1F402F004A0D70 /* MapKit.framework */; };
		95D9CFCD1D1F4037004A0D70 /* UIKit.framework in Frameworks */ = {isa = PBXBuildFile; fileRef = 95D9CFCC1D1F4037004A0D70 /* UIKit.framework */; };
		95D9CFCF1D1F403E004A0D70 /* Foundation.framework in Frameworks */ = {isa = PBXBuildFile; fileRef = 95D9CFCE1D1F403E004A0D70 /* Foundation.framework */; };
		95D9CFD11D1F4048004A0D70 /* CoreGraphics.framework in Frameworks */ = {isa = PBXBuildFile; fileRef = 95D9CFD01D1F4048004A0D70 /* CoreGraphics.framework */; };
		95D9CFD51D1F40BD004A0D70 /* Bolts.framework in Frameworks */ = {isa = PBXBuildFile; fileRef = 95D9CFD21D1F40BD004A0D70 /* Bolts.framework */; };
		95D9CFD61D1F40BD004A0D70 /* Parse.framework in Frameworks */ = {isa = PBXBuildFile; fileRef = 95D9CFD31D1F40BD004A0D70 /* Parse.framework */; };
		95D9CFD71D1F40BD004A0D70 /* ParseFacebookUtils.framework in Frameworks */ = {isa = PBXBuildFile; fileRef = 95D9CFD41D1F40BD004A0D70 /* ParseFacebookUtils.framework */; };
		95D9CFD91D1F41E8004A0D70 /* libsqlite3.tbd in Frameworks */ = {isa = PBXBuildFile; fileRef = 95D9CFD81D1F41E8004A0D70 /* libsqlite3.tbd */; };
		95D9CFDD1D263D01004A0D70 /* FriendsViewController.m in Sources */ = {isa = PBXBuildFile; fileRef = 95D9CFDC1D263D01004A0D70 /* FriendsViewController.m */; };
		95D9CFDF1D263EEA004A0D70 /* FriendsViewController.xib in Resources */ = {isa = PBXBuildFile; fileRef = 95D9CFDE1D263EEA004A0D70 /* FriendsViewController.xib */; };
		95D9CFE11D2AF4BF004A0D70 /* PAWWallPostCreateViewController2.xib in Resources */ = {isa = PBXBuildFile; fileRef = 95D9CFE01D2AF4BF004A0D70 /* PAWWallPostCreateViewController2.xib */; };
		95D9CFE21D2B0013004A0D70 /* PAWWallPostCreateViewController.m in Sources */ = {isa = PBXBuildFile; fileRef = 95D9CFB81D1F3AB7004A0D70 /* PAWWallPostCreateViewController.m */; };
		95D9CFE41D2B0049004A0D70 /* PAWWallPostCreateViewController.xib in Resources */ = {isa = PBXBuildFile; fileRef = 95D9CFE31D2B0049004A0D70 /* PAWWallPostCreateViewController.xib */; };
		95D9CFE71D2B0427004A0D70 /* UIImage+ResizeAdditions.m in Sources */ = {isa = PBXBuildFile; fileRef = 95D9CFE61D2B0427004A0D70 /* UIImage+ResizeAdditions.m */; };
		95D9CFF51D2CC112004A0D70 /* UIImage+RoundedCornerAdditions.m in Sources */ = {isa = PBXBuildFile; fileRef = 95D9CFF41D2CC112004A0D70 /* UIImage+RoundedCornerAdditions.m */; };
		95D9CFFA1D2CC19A004A0D70 /* UIImage+Alpha.m in Sources */ = {isa = PBXBuildFile; fileRef = 95D9CFF71D2CC19A004A0D70 /* UIImage+Alpha.m */; };
		95D9CFFB1D2CC19A004A0D70 /* UIImage+AlphaAdditions.m in Sources */ = {isa = PBXBuildFile; fileRef = 95D9CFF91D2CC19A004A0D70 /* UIImage+AlphaAdditions.m */; };
/* End PBXBuildFile section */

/* Begin PBXContainerItemProxy section */
		95D9CF331D1F291F004A0D70 /* PBXContainerItemProxy */ = {
			isa = PBXContainerItemProxy;
			containerPortal = 95D9CF111D1F291E004A0D70 /* Project object */;
			proxyType = 1;
			remoteGlobalIDString = 95D9CF181D1F291E004A0D70;
			remoteInfo = Momentmap;
		};
		95D9CF3E1D1F291F004A0D70 /* PBXContainerItemProxy */ = {
			isa = PBXContainerItemProxy;
			containerPortal = 95D9CF111D1F291E004A0D70 /* Project object */;
			proxyType = 1;
			remoteGlobalIDString = 95D9CF181D1F291E004A0D70;
			remoteInfo = Momentmap;
		};
/* End PBXContainerItemProxy section */

/* Begin PBXFileReference section */
		95D9CF191D1F291E004A0D70 /* Momentmap.app */ = {isa = PBXFileReference; explicitFileType = wrapper.application; includeInIndex = 0; path = Momentmap.app; sourceTree = BUILT_PRODUCTS_DIR; };
		95D9CF1D1D1F291E004A0D70 /* main.m */ = {isa = PBXFileReference; lastKnownFileType = sourcecode.c.objc; path = main.m; sourceTree = "<group>"; };
		95D9CF261D1F291E004A0D70 /* Base */ = {isa = PBXFileReference; lastKnownFileType = file.storyboard; name = Base; path = Base.lproj/Main.storyboard; sourceTree = "<group>"; };
		95D9CF281D1F291E004A0D70 /* Images.xcassets */ = {isa = PBXFileReference; lastKnownFileType = folder.assetcatalog; path = Images.xcassets; sourceTree = "<group>"; };
		95D9CF2B1D1F291E004A0D70 /* Base */ = {isa = PBXFileReference; lastKnownFileType = file.storyboard; name = Base; path = Base.lproj/LaunchScreen.storyboard; sourceTree = "<group>"; };
		95D9CF321D1F291F004A0D70 /* MomentmapTests.xctest */ = {isa = PBXFileReference; explicitFileType = wrapper.cfbundle; includeInIndex = 0; path = MomentmapTests.xctest; sourceTree = BUILT_PRODUCTS_DIR; };
		95D9CF361D1F291F004A0D70 /* MomentmapTests.m */ = {isa = PBXFileReference; lastKnownFileType = sourcecode.c.objc; path = MomentmapTests.m; sourceTree = "<group>"; };
		95D9CF381D1F291F004A0D70 /* Info.plist */ = {isa = PBXFileReference; lastKnownFileType = text.plist.xml; path = Info.plist; sourceTree = "<group>"; };
		95D9CF3D1D1F291F004A0D70 /* MomentmapUITests.xctest */ = {isa = PBXFileReference; explicitFileType = wrapper.cfbundle; includeInIndex = 0; path = MomentmapUITests.xctest; sourceTree = BUILT_PRODUCTS_DIR; };
		95D9CF411D1F291F004A0D70 /* MomentmapUITests.m */ = {isa = PBXFileReference; lastKnownFileType = sourcecode.c.objc; path = MomentmapUITests.m; sourceTree = "<group>"; };
		95D9CF431D1F291F004A0D70 /* Info.plist */ = {isa = PBXFileReference; lastKnownFileType = text.plist.xml; path = Info.plist; sourceTree = "<group>"; };
		95D9CF501D1F2CD8004A0D70 /* PAWAppDelegate.h */ = {isa = PBXFileReference; lastKnownFileType = sourcecode.c.h; path = PAWAppDelegate.h; sourceTree = "<group>"; };
		95D9CF511D1F2D39004A0D70 /* PAWAppDelegate.m */ = {isa = PBXFileReference; fileEncoding = 4; lastKnownFileType = sourcecode.c.objc; path = PAWAppDelegate.m; sourceTree = "<group>"; };
		95D9CF531D1F2D79004A0D70 /* PAWConfigManager.h */ = {isa = PBXFileReference; lastKnownFileType = sourcecode.c.h; path = PAWConfigManager.h; sourceTree = "<group>"; };
		95D9CF541D1F2DA4004A0D70 /* PAWConfigManager.m */ = {isa = PBXFileReference; fileEncoding = 4; lastKnownFileType = sourcecode.c.objc; path = PAWConfigManager.m; sourceTree = "<group>"; };
		95D9CF561D1F2DD3004A0D70 /* PAWConstants.h */ = {isa = PBXFileReference; lastKnownFileType = sourcecode.c.h; path = PAWConstants.h; sourceTree = "<group>"; };
		95D9CF581D1F2E69004A0D70 /* PAWPost.h */ = {isa = PBXFileReference; lastKnownFileType = sourcecode.c.h; path = PAWPost.h; sourceTree = "<group>"; };
		95D9CF591D1F2E83004A0D70 /* PAWPost.m */ = {isa = PBXFileReference; fileEncoding = 4; lastKnownFileType = sourcecode.c.objc; path = PAWPost.m; sourceTree = "<group>"; };
		95D9CF5C1D1F2EED004A0D70 /* PAWActivityView.h */ = {isa = PBXFileReference; lastKnownFileType = sourcecode.c.h; path = PAWActivityView.h; sourceTree = "<group>"; };
		95D9CF5D1D1F2F10004A0D70 /* PAWActivityView.m */ = {isa = PBXFileReference; fileEncoding = 4; lastKnownFileType = sourcecode.c.objc; path = PAWActivityView.m; sourceTree = "<group>"; };
		95D9CF601D1F2F52004A0D70 /* PAWPostTableViewCell.h */ = {isa = PBXFileReference; lastKnownFileType = sourcecode.c.h; path = PAWPostTableViewCell.h; sourceTree = "<group>"; };
		95D9CF611D1F2F89004A0D70 /* PAWPostTableViewCell.m */ = {isa = PBXFileReference; fileEncoding = 4; lastKnownFileType = sourcecode.c.objc; path = PAWPostTableViewCell.m; sourceTree = "<group>"; };
		95D9CF671D1F302D004A0D70 /* PAWLoginViewController.h */ = {isa = PBXFileReference; lastKnownFileType = sourcecode.c.h; path = PAWLoginViewController.h; sourceTree = "<group>"; };
		95D9CF681D1F3050004A0D70 /* PAWLoginViewController.m */ = {isa = PBXFileReference; fileEncoding = 4; lastKnownFileType = sourcecode.c.objc; path = PAWLoginViewController.m; sourceTree = "<group>"; };
		95D9CF6A1D1F3089004A0D70 /* PAWNewUserViewController.h */ = {isa = PBXFileReference; lastKnownFileType = sourcecode.c.h; path = PAWNewUserViewController.h; sourceTree = "<group>"; };
		95D9CF6B1D1F30AC004A0D70 /* PAWNewUserViewController.m */ = {isa = PBXFileReference; fileEncoding = 4; lastKnownFileType = sourcecode.c.objc; path = PAWNewUserViewController.m; sourceTree = "<group>"; };
		95D9CF6D1D1F30ED004A0D70 /* PAWWallViewController.h */ = {isa = PBXFileReference; lastKnownFileType = sourcecode.c.h; path = PAWWallViewController.h; sourceTree = "<group>"; };
		95D9CF701D1F3123004A0D70 /* PAWWallViewController.m */ = {isa = PBXFileReference; fileEncoding = 4; lastKnownFileType = sourcecode.c.objc; path = PAWWallViewController.m; sourceTree = "<group>"; };
		95D9CF731D1F3181004A0D70 /* PAWWallPostsTableViewController.h */ = {isa = PBXFileReference; lastKnownFileType = sourcecode.c.h; path = PAWWallPostsTableViewController.h; sourceTree = "<group>"; };
		95D9CF741D1F319E004A0D70 /* PAWWallPostsTableViewController.m */ = {isa = PBXFileReference; fileEncoding = 4; lastKnownFileType = sourcecode.c.objc; path = PAWWallPostsTableViewController.m; sourceTree = "<group>"; };
		95D9CF761D1F31D3004A0D70 /* PAWSettingsViewController.h */ = {isa = PBXFileReference; lastKnownFileType = sourcecode.c.h; path = PAWSettingsViewController.h; sourceTree = "<group>"; };
		95D9CF771D1F31EF004A0D70 /* PAWSettingsViewController.m */ = {isa = PBXFileReference; fileEncoding = 4; lastKnownFileType = sourcecode.c.objc; path = PAWSettingsViewController.m; sourceTree = "<group>"; };
		95D9CF7A1D1F338B004A0D70 /* PAWLoginViewController.xib */ = {isa = PBXFileReference; fileEncoding = 4; lastKnownFileType = file.xib; name = PAWLoginViewController.xib; path = "../../../Downloads/AnyWall-master/AnyWall-iOS/AnyWall/PAWLoginViewController.xib"; sourceTree = "<group>"; };
		95D9CF7B1D1F338B004A0D70 /* PAWNewUserViewController.xib */ = {isa = PBXFileReference; fileEncoding = 4; lastKnownFileType = file.xib; name = PAWNewUserViewController.xib; path = "../../../Downloads/AnyWall-master/AnyWall-iOS/AnyWall/PAWNewUserViewController.xib"; sourceTree = "<group>"; };
		95D9CF7C1D1F338B004A0D70 /* PAWSettingsViewController.xib */ = {isa = PBXFileReference; fileEncoding = 4; lastKnownFileType = file.xib; name = PAWSettingsViewController.xib; path = "../../../Downloads/AnyWall-master/AnyWall-iOS/AnyWall/PAWSettingsViewController.xib"; sourceTree = "<group>"; };
		95D9CF7E1D1F338B004A0D70 /* PAWWallViewController.xib */ = {isa = PBXFileReference; fileEncoding = 4; lastKnownFileType = file.xib; name = PAWWallViewController.xib; path = "../../../Downloads/AnyWall-master/AnyWall-iOS/AnyWall/PAWWallViewController.xib"; sourceTree = "<group>"; };
		95D9CF841D1F33BB004A0D70 /* InfoPlist.strings */ = {isa = PBXFileReference; fileEncoding = 4; lastKnownFileType = text.plist.strings; path = InfoPlist.strings; sourceTree = "<group>"; };
		95D9CF861D1F35A4004A0D70 /* info.plist */ = {isa = PBXFileReference; fileEncoding = 4; lastKnownFileType = text.plist.xml; path = info.plist; sourceTree = "<group>"; };
		95D9CF881D1F361A004A0D70 /* Anywall-Prefix.pch */ = {isa = PBXFileReference; lastKnownFileType = sourcecode.c.h; path = "Anywall-Prefix.pch"; sourceTree = "<group>"; };
		95D9CFA21D1F3764004A0D70 /* libz.1.1.3.tbd */ = {isa = PBXFileReference; lastKnownFileType = "sourcecode.text-based-dylib-definition"; name = libz.1.1.3.tbd; path = usr/lib/libz.1.1.3.tbd; sourceTree = SDKROOT; };
		95D9CFAA1D1F3879004A0D70 /* FBSDKCoreKit.framework */ = {isa = PBXFileReference; lastKnownFileType = wrapper.framework; path = FBSDKCoreKit.framework; sourceTree = "<group>"; };
		95D9CFB71D1F3A82004A0D70 /* PAWWallPostCreateViewController.h */ = {isa = PBXFileReference; lastKnownFileType = sourcecode.c.h; path = PAWWallPostCreateViewController.h; sourceTree = "<group>"; };
		95D9CFB81D1F3AB7004A0D70 /* PAWWallPostCreateViewController.m */ = {isa = PBXFileReference; fileEncoding = 4; lastKnownFileType = sourcecode.c.objc; path = PAWWallPostCreateViewController.m; sourceTree = "<group>"; };
		95D9CFBA1D1F3BC8004A0D70 /* ParseUI.framework */ = {isa = PBXFileReference; lastKnownFileType = wrapper.framework; path = ParseUI.framework; sourceTree = "<group>"; };
		95D9CFBC1D1F3FAA004A0D70 /* QuartzCore.framework */ = {isa = PBXFileReference; lastKnownFileType = wrapper.framework; name = QuartzCore.framework; path = System/Library/Frameworks/QuartzCore.framework; sourceTree = SDKROOT; };
		95D9CFBE1D1F3FB2004A0D70 /* Security.framework */ = {isa = PBXFileReference; lastKnownFileType = wrapper.framework; name = Security.framework; path = System/Library/Frameworks/Security.framework; sourceTree = SDKROOT; };
		95D9CFC01D1F4002004A0D70 /* MobileCoreServices.framework */ = {isa = PBXFileReference; lastKnownFileType = wrapper.framework; name = MobileCoreServices.framework; path = System/Library/Frameworks/MobileCoreServices.framework; sourceTree = SDKROOT; };
		95D9CFC21D1F400E004A0D70 /* SystemConfiguration.framework */ = {isa = PBXFileReference; lastKnownFileType = wrapper.framework; name = SystemConfiguration.framework; path = System/Library/Frameworks/SystemConfiguration.framework; sourceTree = SDKROOT; };
		95D9CFC41D1F4018004A0D70 /* CFNetwork.framework */ = {isa = PBXFileReference; lastKnownFileType = wrapper.framework; name = CFNetwork.framework; path = System/Library/Frameworks/CFNetwork.framework; sourceTree = SDKROOT; };
		95D9CFC61D1F4020004A0D70 /* AudioToolbox.framework */ = {isa = PBXFileReference; lastKnownFileType = wrapper.framework; name = AudioToolbox.framework; path = System/Library/Frameworks/AudioToolbox.framework; sourceTree = SDKROOT; };
		95D9CFC81D1F4028004A0D70 /* CoreLocation.framework */ = {isa = PBXFileReference; lastKnownFileType = wrapper.framework; name = CoreLocation.framework; path = System/Library/Frameworks/CoreLocation.framework; sourceTree = SDKROOT; };
		95D9CFCA1D1F402F004A0D70 /* MapKit.framework */ = {isa = PBXFileReference; lastKnownFileType = wrapper.framework; name = MapKit.framework; path = System/Library/Frameworks/MapKit.framework; sourceTree = SDKROOT; };
		95D9CFCC1D1F4037004A0D70 /* UIKit.framework */ = {isa = PBXFileReference; lastKnownFileType = wrapper.framework; name = UIKit.framework; path = System/Library/Frameworks/UIKit.framework; sourceTree = SDKROOT; };
		95D9CFCE1D1F403E004A0D70 /* Foundation.framework */ = {isa = PBXFileReference; lastKnownFileType = wrapper.framework; name = Foundation.framework; path = System/Library/Frameworks/Foundation.framework; sourceTree = SDKROOT; };
		95D9CFD01D1F4048004A0D70 /* CoreGraphics.framework */ = {isa = PBXFileReference; lastKnownFileType = wrapper.framework; name = CoreGraphics.framework; path = System/Library/Frameworks/CoreGraphics.framework; sourceTree = SDKROOT; };
		95D9CFD21D1F40BD004A0D70 /* Bolts.framework */ = {isa = PBXFileReference; lastKnownFileType = wrapper.framework; path = Bolts.framework; sourceTree = "<group>"; };
		95D9CFD31D1F40BD004A0D70 /* Parse.framework */ = {isa = PBXFileReference; lastKnownFileType = wrapper.framework; path = Parse.framework; sourceTree = "<group>"; };
		95D9CFD41D1F40BD004A0D70 /* ParseFacebookUtils.framework */ = {isa = PBXFileReference; lastKnownFileType = wrapper.framework; path = ParseFacebookUtils.framework; sourceTree = "<group>"; };
		95D9CFD81D1F41E8004A0D70 /* libsqlite3.tbd */ = {isa = PBXFileReference; lastKnownFileType = "sourcecode.text-based-dylib-definition"; name = libsqlite3.tbd; path = usr/lib/libsqlite3.tbd; sourceTree = SDKROOT; };
		95D9CFDB1D263CF1004A0D70 /* FriendsViewController.h */ = {isa = PBXFileReference; lastKnownFileType = sourcecode.c.h; path = FriendsViewController.h; sourceTree = "<group>"; };
		95D9CFDC1D263D01004A0D70 /* FriendsViewController.m */ = {isa = PBXFileReference; fileEncoding = 4; lastKnownFileType = sourcecode.c.objc; path = FriendsViewController.m; sourceTree = "<group>"; };
		95D9CFDE1D263EEA004A0D70 /* FriendsViewController.xib */ = {isa = PBXFileReference; fileEncoding = 4; lastKnownFileType = file.xib; path = FriendsViewController.xib; sourceTree = "<group>"; };
		95D9CFE01D2AF4BF004A0D70 /* PAWWallPostCreateViewController2.xib */ = {isa = PBXFileReference; fileEncoding = 4; lastKnownFileType = file.xib; path = PAWWallPostCreateViewController2.xib; sourceTree = "<group>"; };
		95D9CFE31D2B0049004A0D70 /* PAWWallPostCreateViewController.xib */ = {isa = PBXFileReference; fileEncoding = 4; lastKnownFileType = file.xib; name = PAWWallPostCreateViewController.xib; path = "../../../Downloads/AnyWall-master/AnyWall-iOS/AnyWall/PAWWallPostCreateViewController.xib"; sourceTree = "<group>"; };
		95D9CFE51D2B0427004A0D70 /* UIImage+ResizeAdditions.h */ = {isa = PBXFileReference; fileEncoding = 4; lastKnownFileType = sourcecode.c.h; name = "UIImage+ResizeAdditions.h"; path = "../../../Downloads/ParsePlatform-Anypic-a9e87fd/Anypic-iOS/Anypic/UIImage+ResizeAdditions.h"; sourceTree = "<group>"; };
		95D9CFE61D2B0427004A0D70 /* UIImage+ResizeAdditions.m */ = {isa = PBXFileReference; fileEncoding = 4; lastKnownFileType = sourcecode.c.objc; name = "UIImage+ResizeAdditions.m"; path = "../../../Downloads/ParsePlatform-Anypic-a9e87fd/Anypic-iOS/Anypic/UIImage+ResizeAdditions.m"; sourceTree = "<group>"; };
		95D9CFF31D2CC111004A0D70 /* UIImage+RoundedCornerAdditions.h */ = {isa = PBXFileReference; fileEncoding = 4; lastKnownFileType = sourcecode.c.h; name = "UIImage+RoundedCornerAdditions.h"; path = "../../../Downloads/ParsePlatform-Anypic-a9e87fd/Anypic-iOS/Anypic/UIImage+RoundedCornerAdditions.h"; sourceTree = "<group>"; };
		95D9CFF41D2CC112004A0D70 /* UIImage+RoundedCornerAdditions.m */ = {isa = PBXFileReference; fileEncoding = 4; lastKnownFileType = sourcecode.c.objc; name = "UIImage+RoundedCornerAdditions.m"; path = "../../../Downloads/ParsePlatform-Anypic-a9e87fd/Anypic-iOS/Anypic/UIImage+RoundedCornerAdditions.m"; sourceTree = "<group>"; };
		95D9CFF61D2CC19A004A0D70 /* UIImage+Alpha.h */ = {isa = PBXFileReference; fileEncoding = 4; lastKnownFileType = sourcecode.c.h; name = "UIImage+Alpha.h"; path = "../../../Downloads/ParsePlatform-Anypic-a9e87fd/Anypic-iOS/Anypic/UIImage+Alpha.h"; sourceTree = "<group>"; };
		95D9CFF71D2CC19A004A0D70 /* UIImage+Alpha.m */ = {isa = PBXFileReference; fileEncoding = 4; lastKnownFileType = sourcecode.c.objc; name = "UIImage+Alpha.m"; path = "../../../Downloads/ParsePlatform-Anypic-a9e87fd/Anypic-iOS/Anypic/UIImage+Alpha.m"; sourceTree = "<group>"; };
		95D9CFF81D2CC19A004A0D70 /* UIImage+AlphaAdditions.h */ = {isa = PBXFileReference; fileEncoding = 4; lastKnownFileType = sourcecode.c.h; name = "UIImage+AlphaAdditions.h"; path = "../../../Downloads/ParsePlatform-Anypic-a9e87fd/Anypic-iOS/Anypic/UIImage+AlphaAdditions.h"; sourceTree = "<group>"; };
		95D9CFF91D2CC19A004A0D70 /* UIImage+AlphaAdditions.m */ = {isa = PBXFileReference; fileEncoding = 4; lastKnownFileType = sourcecode.c.objc; name = "UIImage+AlphaAdditions.m"; path = "../../../Downloads/ParsePlatform-Anypic-a9e87fd/Anypic-iOS/Anypic/UIImage+AlphaAdditions.m"; sourceTree = "<group>"; };
/* End PBXFileReference section */

/* Begin PBXFrameworksBuildPhase section */
		95D9CF161D1F291E004A0D70 /* Frameworks */ = {
			isa = PBXFrameworksBuildPhase;
			buildActionMask = 2147483647;
			files = (
				95D9CFD91D1F41E8004A0D70 /* libsqlite3.tbd in Frameworks */,
				95D9CFD51D1F40BD004A0D70 /* Bolts.framework in Frameworks */,
				95D9CFD11D1F4048004A0D70 /* CoreGraphics.framework in Frameworks */,
				95D9CFCF1D1F403E004A0D70 /* Foundation.framework in Frameworks */,
				95D9CFCD1D1F4037004A0D70 /* UIKit.framework in Frameworks */,
				95D9CFCB1D1F402F004A0D70 /* MapKit.framework in Frameworks */,
				95D9CFD71D1F40BD004A0D70 /* ParseFacebookUtils.framework in Frameworks */,
				95D9CFC91D1F4028004A0D70 /* CoreLocation.framework in Frameworks */,
				95D9CFD61D1F40BD004A0D70 /* Parse.framework in Frameworks */,
				95D9CFC71D1F4020004A0D70 /* AudioToolbox.framework in Frameworks */,
				95D9CFC51D1F4018004A0D70 /* CFNetwork.framework in Frameworks */,
				95D9CFC31D1F400F004A0D70 /* SystemConfiguration.framework in Frameworks */,
				95D9CFC11D1F4002004A0D70 /* MobileCoreServices.framework in Frameworks */,
				95D9CFBF1D1F3FB2004A0D70 /* Security.framework in Frameworks */,
				95D9CFBD1D1F3FAA004A0D70 /* QuartzCore.framework in Frameworks */,
				95D9CFA31D1F3764004A0D70 /* libz.1.1.3.tbd in Frameworks */,
				95D9CFBB1D1F3BC8004A0D70 /* ParseUI.framework in Frameworks */,
				95D9CFAB1D1F3879004A0D70 /* FBSDKCoreKit.framework in Frameworks */,
			);
			runOnlyForDeploymentPostprocessing = 0;
		};
		95D9CF2F1D1F291F004A0D70 /* Frameworks */ = {
			isa = PBXFrameworksBuildPhase;
			buildActionMask = 2147483647;
			files = (
			);
			runOnlyForDeploymentPostprocessing = 0;
		};
		95D9CF3A1D1F291F004A0D70 /* Frameworks */ = {
			isa = PBXFrameworksBuildPhase;
			buildActionMask = 2147483647;
			files = (
			);
			runOnlyForDeploymentPostprocessing = 0;
		};
/* End PBXFrameworksBuildPhase section */

/* Begin PBXGroup section */
		95D9CF101D1F291E004A0D70 = {
			isa = PBXGroup;
			children = (
				95D9CF1B1D1F291E004A0D70 /* Momentmap */,
				95D9CF351D1F291F004A0D70 /* MomentmapTests */,
				95D9CF401D1F291F004A0D70 /* MomentmapUITests */,
				95D9CF1A1D1F291E004A0D70 /* Products */,
			);
			sourceTree = "<group>";
		};
		95D9CF1A1D1F291E004A0D70 /* Products */ = {
			isa = PBXGroup;
			children = (
				95D9CF191D1F291E004A0D70 /* Momentmap.app */,
				95D9CF321D1F291F004A0D70 /* MomentmapTests.xctest */,
				95D9CF3D1D1F291F004A0D70 /* MomentmapUITests.xctest */,
			);
			name = Products;
			sourceTree = "<group>";
		};
		95D9CF1B1D1F291E004A0D70 /* Momentmap */ = {
			isa = PBXGroup;
			children = (
				95D9CFF61D2CC19A004A0D70 /* UIImage+Alpha.h */,
				95D9CFF71D2CC19A004A0D70 /* UIImage+Alpha.m */,
				95D9CFF81D2CC19A004A0D70 /* UIImage+AlphaAdditions.h */,
				95D9CFF91D2CC19A004A0D70 /* UIImage+AlphaAdditions.m */,
				95D9CFF31D2CC111004A0D70 /* UIImage+RoundedCornerAdditions.h */,
				95D9CFF41D2CC112004A0D70 /* UIImage+RoundedCornerAdditions.m */,
				95D9CFE51D2B0427004A0D70 /* UIImage+ResizeAdditions.h */,
				95D9CFE61D2B0427004A0D70 /* UIImage+ResizeAdditions.m */,
				95D9CF501D1F2CD8004A0D70 /* PAWAppDelegate.h */,
				95D9CF511D1F2D39004A0D70 /* PAWAppDelegate.m */,
				95D9CF531D1F2D79004A0D70 /* PAWConfigManager.h */,
				95D9CF541D1F2DA4004A0D70 /* PAWConfigManager.m */,
				95D9CF561D1F2DD3004A0D70 /* PAWConstants.h */,
				95D9CF571D1F2E48004A0D70 /* Models */,
				95D9CF5B1D1F2EB1004A0D70 /* Views */,
				95D9CF631D1F2FAB004A0D70 /* Controllers */,
				95D9CF791D1F3229004A0D70 /* Resources */,
				95D9CF251D1F291E004A0D70 /* Main.storyboard */,
				95D9CF2A1D1F291E004A0D70 /* LaunchScreen.storyboard */,
				95D9CF1C1D1F291E004A0D70 /* Supporting Files */,
				95D9CF891D1F3638004A0D70 /* Frameworks */,
			);
			path = Momentmap;
			sourceTree = "<group>";
		};
		95D9CF1C1D1F291E004A0D70 /* Supporting Files */ = {
			isa = PBXGroup;
			children = (
				95D9CFE31D2B0049004A0D70 /* PAWWallPostCreateViewController.xib */,
				95D9CF7A1D1F338B004A0D70 /* PAWLoginViewController.xib */,
				95D9CF7B1D1F338B004A0D70 /* PAWNewUserViewController.xib */,
				95D9CF7C1D1F338B004A0D70 /* PAWSettingsViewController.xib */,
				95D9CF7E1D1F338B004A0D70 /* PAWWallViewController.xib */,
				95D9CF861D1F35A4004A0D70 /* info.plist */,
				95D9CF841D1F33BB004A0D70 /* InfoPlist.strings */,
				95D9CF1D1D1F291E004A0D70 /* main.m */,
				95D9CF881D1F361A004A0D70 /* Anywall-Prefix.pch */,
				95D9CFDE1D263EEA004A0D70 /* FriendsViewController.xib */,
				95D9CFE01D2AF4BF004A0D70 /* PAWWallPostCreateViewController2.xib */,
			);
			name = "Supporting Files";
			sourceTree = "<group>";
		};
		95D9CF351D1F291F004A0D70 /* MomentmapTests */ = {
			isa = PBXGroup;
			children = (
				95D9CF361D1F291F004A0D70 /* MomentmapTests.m */,
				95D9CF381D1F291F004A0D70 /* Info.plist */,
			);
			path = MomentmapTests;
			sourceTree = "<group>";
		};
		95D9CF401D1F291F004A0D70 /* MomentmapUITests */ = {
			isa = PBXGroup;
			children = (
				95D9CF411D1F291F004A0D70 /* MomentmapUITests.m */,
				95D9CF431D1F291F004A0D70 /* Info.plist */,
			);
			path = MomentmapUITests;
			sourceTree = "<group>";
		};
		95D9CF571D1F2E48004A0D70 /* Models */ = {
			isa = PBXGroup;
			children = (
				95D9CF581D1F2E69004A0D70 /* PAWPost.h */,
				95D9CF591D1F2E83004A0D70 /* PAWPost.m */,
			);
			name = Models;
			sourceTree = "<group>";
		};
		95D9CF5B1D1F2EB1004A0D70 /* Views */ = {
			isa = PBXGroup;
			children = (
				95D9CF5C1D1F2EED004A0D70 /* PAWActivityView.h */,
				95D9CF5D1D1F2F10004A0D70 /* PAWActivityView.m */,
				95D9CF5F1D1F2F38004A0D70 /* Cells */,
			);
			name = Views;
			sourceTree = "<group>";
		};
		95D9CF5F1D1F2F38004A0D70 /* Cells */ = {
			isa = PBXGroup;
			children = (
				95D9CF601D1F2F52004A0D70 /* PAWPostTableViewCell.h */,
				95D9CF611D1F2F89004A0D70 /* PAWPostTableViewCell.m */,
			);
			name = Cells;
			sourceTree = "<group>";
		};
		95D9CF631D1F2FAB004A0D70 /* Controllers */ = {
			isa = PBXGroup;
			children = (
				95D9CF641D1F2FD3004A0D70 /* User Creation/Login */,
				95D9CF651D1F2FE2004A0D70 /* AnyWall View and Posts */,
				95D9CF661D1F2FF6004A0D70 /* Settings */,
			);
			name = Controllers;
			sourceTree = "<group>";
		};
		95D9CF641D1F2FD3004A0D70 /* User Creation/Login */ = {
			isa = PBXGroup;
			children = (
				95D9CF671D1F302D004A0D70 /* PAWLoginViewController.h */,
				95D9CF681D1F3050004A0D70 /* PAWLoginViewController.m */,
				95D9CF6A1D1F3089004A0D70 /* PAWNewUserViewController.h */,
				95D9CF6B1D1F30AC004A0D70 /* PAWNewUserViewController.m */,
			);
			name = "User Creation/Login";
			sourceTree = "<group>";
		};
		95D9CF651D1F2FE2004A0D70 /* AnyWall View and Posts */ = {
			isa = PBXGroup;
			children = (
				95D9CF6D1D1F30ED004A0D70 /* PAWWallViewController.h */,
				95D9CF701D1F3123004A0D70 /* PAWWallViewController.m */,
				95D9CF731D1F3181004A0D70 /* PAWWallPostsTableViewController.h */,
				95D9CF741D1F319E004A0D70 /* PAWWallPostsTableViewController.m */,
				95D9CFB71D1F3A82004A0D70 /* PAWWallPostCreateViewController.h */,
				95D9CFB81D1F3AB7004A0D70 /* PAWWallPostCreateViewController.m */,
				95D9CFDB1D263CF1004A0D70 /* FriendsViewController.h */,
				95D9CFDC1D263D01004A0D70 /* FriendsViewController.m */,
			);
			name = "AnyWall View and Posts";
			sourceTree = "<group>";
		};
		95D9CF661D1F2FF6004A0D70 /* Settings */ = {
			isa = PBXGroup;
			children = (
				95D9CF761D1F31D3004A0D70 /* PAWSettingsViewController.h */,
				95D9CF771D1F31EF004A0D70 /* PAWSettingsViewController.m */,
			);
			name = Settings;
			sourceTree = "<group>";
		};
		95D9CF791D1F3229004A0D70 /* Resources */ = {
			isa = PBXGroup;
			children = (
				95D9CF281D1F291E004A0D70 /* Images.xcassets */,
			);
			name = Resources;
			sourceTree = "<group>";
		};
		95D9CF891D1F3638004A0D70 /* Frameworks */ = {
			isa = PBXGroup;
			children = (
				95D9CF8A1D1F364B004A0D70 /* User Frameworks */,
				95D9CF8B1D1F3658004A0D70 /* System Frameworks */,
			);
			name = Frameworks;
			sourceTree = "<group>";
		};
		95D9CF8A1D1F364B004A0D70 /* User Frameworks */ = {
			isa = PBXGroup;
			children = (
				95D9CFD21D1F40BD004A0D70 /* Bolts.framework */,
				95D9CFD31D1F40BD004A0D70 /* Parse.framework */,
				95D9CFD41D1F40BD004A0D70 /* ParseFacebookUtils.framework */,
				95D9CFBA1D1F3BC8004A0D70 /* ParseUI.framework */,
				95D9CFAA1D1F3879004A0D70 /* FBSDKCoreKit.framework */,
			);
			name = "User Frameworks";
			sourceTree = "<group>";
		};
		95D9CF8B1D1F3658004A0D70 /* System Frameworks */ = {
			isa = PBXGroup;
			children = (
				95D9CFD81D1F41E8004A0D70 /* libsqlite3.tbd */,
				95D9CFD01D1F4048004A0D70 /* CoreGraphics.framework */,
				95D9CFCE1D1F403E004A0D70 /* Foundation.framework */,
				95D9CFCC1D1F4037004A0D70 /* UIKit.framework */,
				95D9CFCA1D1F402F004A0D70 /* MapKit.framework */,
				95D9CFC81D1F4028004A0D70 /* CoreLocation.framework */,
				95D9CFC61D1F4020004A0D70 /* AudioToolbox.framework */,
				95D9CFC41D1F4018004A0D70 /* CFNetwork.framework */,
				95D9CFC21D1F400E004A0D70 /* SystemConfiguration.framework */,
				95D9CFC01D1F4002004A0D70 /* MobileCoreServices.framework */,
				95D9CFBE1D1F3FB2004A0D70 /* Security.framework */,
				95D9CFBC1D1F3FAA004A0D70 /* QuartzCore.framework */,
				95D9CFA21D1F3764004A0D70 /* libz.1.1.3.tbd */,
			);
			name = "System Frameworks";
			sourceTree = "<group>";
		};
/* End PBXGroup section */

/* Begin PBXNativeTarget section */
		95D9CF181D1F291E004A0D70 /* Momentmap */ = {
			isa = PBXNativeTarget;
			buildConfigurationList = 95D9CF461D1F291F004A0D70 /* Build configuration list for PBXNativeTarget "Momentmap" */;
			buildPhases = (
				95D9CF151D1F291E004A0D70 /* Sources */,
				95D9CF161D1F291E004A0D70 /* Frameworks */,
				95D9CF171D1F291E004A0D70 /* Resources */,
			);
			buildRules = (
			);
			dependencies = (
			);
			name = Momentmap;
			productName = Momentmap;
			productReference = 95D9CF191D1F291E004A0D70 /* Momentmap.app */;
			productType = "com.apple.product-type.application";
		};
		95D9CF311D1F291F004A0D70 /* MomentmapTests */ = {
			isa = PBXNativeTarget;
			buildConfigurationList = 95D9CF491D1F291F004A0D70 /* Build configuration list for PBXNativeTarget "MomentmapTests" */;
			buildPhases = (
				95D9CF2E1D1F291F004A0D70 /* Sources */,
				95D9CF2F1D1F291F004A0D70 /* Frameworks */,
				95D9CF301D1F291F004A0D70 /* Resources */,
			);
			buildRules = (
			);
			dependencies = (
				95D9CF341D1F291F004A0D70 /* PBXTargetDependency */,
			);
			name = MomentmapTests;
			productName = MomentmapTests;
			productReference = 95D9CF321D1F291F004A0D70 /* MomentmapTests.xctest */;
			productType = "com.apple.product-type.bundle.unit-test";
		};
		95D9CF3C1D1F291F004A0D70 /* MomentmapUITests */ = {
			isa = PBXNativeTarget;
			buildConfigurationList = 95D9CF4C1D1F291F004A0D70 /* Build configuration list for PBXNativeTarget "MomentmapUITests" */;
			buildPhases = (
				95D9CF391D1F291F004A0D70 /* Sources */,
				95D9CF3A1D1F291F004A0D70 /* Frameworks */,
				95D9CF3B1D1F291F004A0D70 /* Resources */,
			);
			buildRules = (
			);
			dependencies = (
				95D9CF3F1D1F291F004A0D70 /* PBXTargetDependency */,
			);
			name = MomentmapUITests;
			productName = MomentmapUITests;
			productReference = 95D9CF3D1D1F291F004A0D70 /* MomentmapUITests.xctest */;
			productType = "com.apple.product-type.bundle.ui-testing";
		};
/* End PBXNativeTarget section */

/* Begin PBXProject section */
		95D9CF111D1F291E004A0D70 /* Project object */ = {
			isa = PBXProject;
			attributes = {
				LastUpgradeCheck = 0730;
				ORGANIZATIONNAME = "Kristina Covington";
				TargetAttributes = {
					95D9CF181D1F291E004A0D70 = {
						CreatedOnToolsVersion = 7.3.1;
						DevelopmentTeam = M4NVF9W9KV;
					};
					95D9CF311D1F291F004A0D70 = {
						CreatedOnToolsVersion = 7.3.1;
						TestTargetID = 95D9CF181D1F291E004A0D70;
					};
					95D9CF3C1D1F291F004A0D70 = {
						CreatedOnToolsVersion = 7.3.1;
						TestTargetID = 95D9CF181D1F291E004A0D70;
					};
				};
			};
			buildConfigurationList = 95D9CF141D1F291E004A0D70 /* Build configuration list for PBXProject "Momentmap" */;
			compatibilityVersion = "Xcode 3.2";
			developmentRegion = English;
			hasScannedForEncodings = 0;
			knownRegions = (
				en,
				Base,
			);
			mainGroup = 95D9CF101D1F291E004A0D70;
			productRefGroup = 95D9CF1A1D1F291E004A0D70 /* Products */;
			projectDirPath = "";
			projectRoot = "";
			targets = (
				95D9CF181D1F291E004A0D70 /* Momentmap */,
				95D9CF311D1F291F004A0D70 /* MomentmapTests */,
				95D9CF3C1D1F291F004A0D70 /* MomentmapUITests */,
			);
		};
/* End PBXProject section */

/* Begin PBXResourcesBuildPhase section */
		95D9CF171D1F291E004A0D70 /* Resources */ = {
			isa = PBXResourcesBuildPhase;
			buildActionMask = 2147483647;
			files = (
				95D9CFE11D2AF4BF004A0D70 /* PAWWallPostCreateViewController2.xib in Resources */,
				95D9CF801D1F338B004A0D70 /* PAWNewUserViewController.xib in Resources */,
				95D9CF831D1F338B004A0D70 /* PAWWallViewController.xib in Resources */,
				95D9CF2C1D1F291E004A0D70 /* LaunchScreen.storyboard in Resources */,
				95D9CF291D1F291E004A0D70 /* Images.xcassets in Resources */,
				95D9CF871D1F35A4004A0D70 /* info.plist in Resources */,
				95D9CF271D1F291E004A0D70 /* Main.storyboard in Resources */,
				95D9CF811D1F338B004A0D70 /* PAWSettingsViewController.xib in Resources */,
				95D9CF851D1F33BB004A0D70 /* InfoPlist.strings in Resources */,
				95D9CFE41D2B0049004A0D70 /* PAWWallPostCreateViewController.xib in Resources */,
				95D9CF7F1D1F338B004A0D70 /* PAWLoginViewController.xib in Resources */,
				95D9CFDF1D263EEA004A0D70 /* FriendsViewController.xib in Resources */,
			);
			runOnlyForDeploymentPostprocessing = 0;
		};
		95D9CF301D1F291F004A0D70 /* Resources */ = {
			isa = PBXResourcesBuildPhase;
			buildActionMask = 2147483647;
			files = (
			);
			runOnlyForDeploymentPostprocessing = 0;
		};
		95D9CF3B1D1F291F004A0D70 /* Resources */ = {
			isa = PBXResourcesBuildPhase;
			buildActionMask = 2147483647;
			files = (
			);
			runOnlyForDeploymentPostprocessing = 0;
		};
/* End PBXResourcesBuildPhase section */

/* Begin PBXSourcesBuildPhase section */
		95D9CF151D1F291E004A0D70 /* Sources */ = {
			isa = PBXSourcesBuildPhase;
			buildActionMask = 2147483647;
			files = (
				95D9CFF51D2CC112004A0D70 /* UIImage+RoundedCornerAdditions.m in Sources */,
				95D9CF711D1F3123004A0D70 /* PAWWallViewController.m in Sources */,
				95D9CF5E1D1F2F10004A0D70 /* PAWActivityView.m in Sources */,
				95D9CF551D1F2DA4004A0D70 /* PAWConfigManager.m in Sources */,
				95D9CFB91D1F3AB7004A0D70 /* PAWWallPostCreateViewController.m in Sources */,
				95D9CF621D1F2F89004A0D70 /* PAWPostTableViewCell.m in Sources */,
				95D9CFE71D2B0427004A0D70 /* UIImage+ResizeAdditions.m in Sources */,
				95D9CFFB1D2CC19A004A0D70 /* UIImage+AlphaAdditions.m in Sources */,
				95D9CF781D1F31EF004A0D70 /* PAWSettingsViewController.m in Sources */,
				95D9CFDD1D263D01004A0D70 /* FriendsViewController.m in Sources */,
				95D9CF691D1F3050004A0D70 /* PAWLoginViewController.m in Sources */,
				95D9CF1E1D1F291E004A0D70 /* main.m in Sources */,
				95D9CF751D1F319E004A0D70 /* PAWWallPostsTableViewController.m in Sources */,
				95D9CFFA1D2CC19A004A0D70 /* UIImage+Alpha.m in Sources */,
				95D9CF5A1D1F2E83004A0D70 /* PAWPost.m in Sources */,
				95D9CF521D1F2D39004A0D70 /* PAWAppDelegate.m in Sources */,
				95D9CF6C1D1F30AC004A0D70 /* PAWNewUserViewController.m in Sources */,
			);
			runOnlyForDeploymentPostprocessing = 0;
		};
		95D9CF2E1D1F291F004A0D70 /* Sources */ = {
			isa = PBXSourcesBuildPhase;
			buildActionMask = 2147483647;
			files = (
				95D9CF371D1F291F004A0D70 /* MomentmapTests.m in Sources */,
				95D9CFE21D2B0013004A0D70 /* PAWWallPostCreateViewController.m in Sources */,
			);
			runOnlyForDeploymentPostprocessing = 0;
		};
		95D9CF391D1F291F004A0D70 /* Sources */ = {
			isa = PBXSourcesBuildPhase;
			buildActionMask = 2147483647;
			files = (
				95D9CF421D1F291F004A0D70 /* MomentmapUITests.m in Sources */,
			);
			runOnlyForDeploymentPostprocessing = 0;
		};
/* End PBXSourcesBuildPhase section */

/* Begin PBXTargetDependency section */
		95D9CF341D1F291F004A0D70 /* PBXTargetDependency */ = {
			isa = PBXTargetDependency;
			target = 95D9CF181D1F291E004A0D70 /* Momentmap */;
			targetProxy = 95D9CF331D1F291F004A0D70 /* PBXContainerItemProxy */;
		};
		95D9CF3F1D1F291F004A0D70 /* PBXTargetDependency */ = {
			isa = PBXTargetDependency;
			target = 95D9CF181D1F291E004A0D70 /* Momentmap */;
			targetProxy = 95D9CF3E1D1F291F004A0D70 /* PBXContainerItemProxy */;
		};
/* End PBXTargetDependency section */

/* Begin PBXVariantGroup section */
		95D9CF251D1F291E004A0D70 /* Main.storyboard */ = {
			isa = PBXVariantGroup;
			children = (
				95D9CF261D1F291E004A0D70 /* Base */,
			);
			name = Main.storyboard;
			sourceTree = "<group>";
		};
		95D9CF2A1D1F291E004A0D70 /* LaunchScreen.storyboard */ = {
			isa = PBXVariantGroup;
			children = (
				95D9CF2B1D1F291E004A0D70 /* Base */,
			);
			name = LaunchScreen.storyboard;
			sourceTree = "<group>";
		};
/* End PBXVariantGroup section */

/* Begin XCBuildConfiguration section */
		95D9CF441D1F291F004A0D70 /* Debug */ = {
			isa = XCBuildConfiguration;
			buildSettings = {
				ALWAYS_SEARCH_USER_PATHS = NO;
				CLANG_ANALYZER_NONNULL = YES;
				CLANG_CXX_LANGUAGE_STANDARD = "gnu++0x";
				CLANG_CXX_LIBRARY = "libc++";
				CLANG_ENABLE_MODULES = YES;
				CLANG_ENABLE_OBJC_ARC = YES;
				CLANG_WARN_BOOL_CONVERSION = YES;
				CLANG_WARN_CONSTANT_CONVERSION = YES;
				CLANG_WARN_DIRECT_OBJC_ISA_USAGE = YES_ERROR;
				CLANG_WARN_EMPTY_BODY = YES;
				CLANG_WARN_ENUM_CONVERSION = YES;
				CLANG_WARN_INT_CONVERSION = YES;
				CLANG_WARN_OBJC_ROOT_CLASS = YES_ERROR;
				CLANG_WARN_UNREACHABLE_CODE = YES;
				CLANG_WARN__DUPLICATE_METHOD_MATCH = YES;
				"CODE_SIGN_IDENTITY[sdk=iphoneos*]" = "iPhone Developer";
				COPY_PHASE_STRIP = NO;
				DEBUG_INFORMATION_FORMAT = dwarf;
				ENABLE_STRICT_OBJC_MSGSEND = YES;
				ENABLE_TESTABILITY = YES;
				GCC_C_LANGUAGE_STANDARD = gnu99;
				GCC_DYNAMIC_NO_PIC = NO;
				GCC_NO_COMMON_BLOCKS = YES;
				GCC_OPTIMIZATION_LEVEL = 0;
				GCC_PREPROCESSOR_DEFINITIONS = (
					"DEBUG=1",
					"$(inherited)",
				);
				GCC_WARN_64_TO_32_BIT_CONVERSION = YES;
				GCC_WARN_ABOUT_RETURN_TYPE = YES_ERROR;
				GCC_WARN_UNDECLARED_SELECTOR = YES;
				GCC_WARN_UNINITIALIZED_AUTOS = YES_AGGRESSIVE;
				GCC_WARN_UNUSED_FUNCTION = YES;
				GCC_WARN_UNUSED_VARIABLE = YES;
				IPHONEOS_DEPLOYMENT_TARGET = 9.3;
				MTL_ENABLE_DEBUG_INFO = YES;
				ONLY_ACTIVE_ARCH = YES;
				SDKROOT = iphoneos;
				TARGETED_DEVICE_FAMILY = "1,2";
			};
			name = Debug;
		};
		95D9CF451D1F291F004A0D70 /* Release */ = {
			isa = XCBuildConfiguration;
			buildSettings = {
				ALWAYS_SEARCH_USER_PATHS = NO;
				CLANG_ANALYZER_NONNULL = YES;
				CLANG_CXX_LANGUAGE_STANDARD = "gnu++0x";
				CLANG_CXX_LIBRARY = "libc++";
				CLANG_ENABLE_MODULES = YES;
				CLANG_ENABLE_OBJC_ARC = YES;
				CLANG_WARN_BOOL_CONVERSION = YES;
				CLANG_WARN_CONSTANT_CONVERSION = YES;
				CLANG_WARN_DIRECT_OBJC_ISA_USAGE = YES_ERROR;
				CLANG_WARN_EMPTY_BODY = YES;
				CLANG_WARN_ENUM_CONVERSION = YES;
				CLANG_WARN_INT_CONVERSION = YES;
				CLANG_WARN_OBJC_ROOT_CLASS = YES_ERROR;
				CLANG_WARN_UNREACHABLE_CODE = YES;
				CLANG_WARN__DUPLICATE_METHOD_MATCH = YES;
				"CODE_SIGN_IDENTITY[sdk=iphoneos*]" = "iPhone Developer";
				COPY_PHASE_STRIP = NO;
				DEBUG_INFORMATION_FORMAT = "dwarf-with-dsym";
				ENABLE_NS_ASSERTIONS = NO;
				ENABLE_STRICT_OBJC_MSGSEND = YES;
				GCC_C_LANGUAGE_STANDARD = gnu99;
				GCC_NO_COMMON_BLOCKS = YES;
				GCC_WARN_64_TO_32_BIT_CONVERSION = YES;
				GCC_WARN_ABOUT_RETURN_TYPE = YES_ERROR;
				GCC_WARN_UNDECLARED_SELECTOR = YES;
				GCC_WARN_UNINITIALIZED_AUTOS = YES_AGGRESSIVE;
				GCC_WARN_UNUSED_FUNCTION = YES;
				GCC_WARN_UNUSED_VARIABLE = YES;
				IPHONEOS_DEPLOYMENT_TARGET = 9.3;
				MTL_ENABLE_DEBUG_INFO = NO;
				SDKROOT = iphoneos;
				TARGETED_DEVICE_FAMILY = "1,2";
				VALIDATE_PRODUCT = YES;
			};
			name = Release;
		};
		95D9CF471D1F291F004A0D70 /* Debug */ = {
			isa = XCBuildConfiguration;
			buildSettings = {
				ASSETCATALOG_COMPILER_APPICON_NAME = "AppIcon-1";
				CODE_SIGN_IDENTITY = "iPhone Developer";
				FRAMEWORK_SEARCH_PATHS = (
					"$(inherited)",
					"$(PROJECT_DIR)/Momentmap",
				);
				INFOPLIST_FILE = Momentmap/Info.plist;
				IPHONEOS_DEPLOYMENT_TARGET = 9.3;
				LD_RUNPATH_SEARCH_PATHS = "$(inherited) @executable_path/Frameworks";
				PRODUCT_BUNDLE_IDENTIFIER = com.KristinaCovington.Momentmap;
				PRODUCT_NAME = "$(TARGET_NAME)";
			};
			name = Debug;
		};
		95D9CF481D1F291F004A0D70 /* Release */ = {
			isa = XCBuildConfiguration;
			buildSettings = {
				ASSETCATALOG_COMPILER_APPICON_NAME = "AppIcon-1";
				CODE_SIGN_IDENTITY = "iPhone Developer";
				FRAMEWORK_SEARCH_PATHS = (
					"$(inherited)",
					"$(PROJECT_DIR)/Momentmap",
				);
				INFOPLIST_FILE = Momentmap/Info.plist;
				IPHONEOS_DEPLOYMENT_TARGET = 9.3;
				LD_RUNPATH_SEARCH_PATHS = "$(inherited) @executable_path/Frameworks";
				PRODUCT_BUNDLE_IDENTIFIER = com.KristinaCovington.Momentmap;
				PRODUCT_NAME = "$(TARGET_NAME)";
			};
			name = Release;
		};
		95D9CF4A1D1F291F004A0D70 /* Debug */ = {
			isa = XCBuildConfiguration;
			buildSettings = {
				BUNDLE_LOADER = "$(TEST_HOST)";
				INFOPLIST_FILE = MomentmapTests/Info.plist;
				LD_RUNPATH_SEARCH_PATHS = "$(inherited) @executable_path/Frameworks @loader_path/Frameworks";
				PRODUCT_BUNDLE_IDENTIFIER = com.KristinaCovington.MomentmapTests;
				PRODUCT_NAME = "$(TARGET_NAME)";
				TEST_HOST = "$(BUILT_PRODUCTS_DIR)/Momentmap.app/Momentmap";
			};
			name = Debug;
		};
		95D9CF4B1D1F291F004A0D70 /* Release */ = {
			isa = XCBuildConfiguration;
			buildSettings = {
				BUNDLE_LOADER = "$(TEST_HOST)";
				INFOPLIST_FILE = MomentmapTests/Info.plist;
				LD_RUNPATH_SEARCH_PATHS = "$(inherited) @executable_path/Frameworks @loader_path/Frameworks";
				PRODUCT_BUNDLE_IDENTIFIER = com.KristinaCovington.MomentmapTests;
				PRODUCT_NAME = "$(TARGET_NAME)";
				TEST_HOST = "$(BUILT_PRODUCTS_DIR)/Momentmap.app/Momentmap";
			};
			name = Release;
		};
		95D9CF4D1D1F291F004A0D70 /* Debug */ = {
			isa = XCBuildConfiguration;
			buildSettings = {
				INFOPLIST_FILE = MomentmapUITests/Info.plist;
				LD_RUNPATH_SEARCH_PATHS = "$(inherited) @executable_path/Frameworks @loader_path/Frameworks";
				PRODUCT_BUNDLE_IDENTIFIER = com.KristinaCovington.MomentmapUITests;
				PRODUCT_NAME = "$(TARGET_NAME)";
				TEST_TARGET_NAME = Momentmap;
			};
			name = Debug;
		};
		95D9CF4E1D1F291F004A0D70 /* Release */ = {
			isa = XCBuildConfiguration;
			buildSettings = {
				INFOPLIST_FILE = MomentmapUITests/Info.plist;
				LD_RUNPATH_SEARCH_PATHS = "$(inherited) @executable_path/Frameworks @loader_path/Frameworks";
				PRODUCT_BUNDLE_IDENTIFIER = com.KristinaCovington.MomentmapUITests;
				PRODUCT_NAME = "$(TARGET_NAME)";
				TEST_TARGET_NAME = Momentmap;
			};
			name = Release;
		};
/* End XCBuildConfiguration section */

/* Begin XCConfigurationList section */
		95D9CF141D1F291E004A0D70 /* Build configuration list for PBXProject "Momentmap" */ = {
			isa = XCConfigurationList;
			buildConfigurations = (
				95D9CF441D1F291F004A0D70 /* Debug */,
				95D9CF451D1F291F004A0D70 /* Release */,
			);
			defaultConfigurationIsVisible = 0;
			defaultConfigurationName = Release;
		};
		95D9CF461D1F291F004A0D70 /* Build configuration list for PBXNativeTarget "Momentmap" */ = {
			isa = XCConfigurationList;
			buildConfigurations = (
				95D9CF471D1F291F004A0D70 /* Debug */,
				95D9CF481D1F291F004A0D70 /* Release */,
			);
			defaultConfigurationIsVisible = 0;
		};
		95D9CF491D1F291F004A0D70 /* Build configuration list for PBXNativeTarget "MomentmapTests" */ = {
			isa = XCConfigurationList;
			buildConfigurations = (
				95D9CF4A1D1F291F004A0D70 /* Debug */,
				95D9CF4B1D1F291F004A0D70 /* Release */,
			);
			defaultConfigurationIsVisible = 0;
		};
		95D9CF4C1D1F291F004A0D70 /* Build configuration list for PBXNativeTarget "MomentmapUITests" */ = {
			isa = XCConfigurationList;
			buildConfigurations = (
				95D9CF4D1D1F291F004A0D70 /* Debug */,
				95D9CF4E1D1F291F004A0D70 /* Release */,
			);
			defaultConfigurationIsVisible = 0;
		};
/* End XCConfigurationList section */
	};
	rootObject = 95D9CF111D1F291E004A0D70 /* Project object */;
}
